// !$*UTF8*$!
{
	archiveVersion = 1;
	classes = {
	};
	objectVersion = 46;
	objects = {

/* Begin PBXBuildFile section */
		CB9E677B1ABDC4C40053CC8B /* main.m in Sources */ = {isa = PBXBuildFile; fileRef = CB9E677A1ABDC4C40053CC8B /* main.m */; };
		CB9E677E1ABDC4C40053CC8B /* AppDelegate.m in Sources */ = {isa = PBXBuildFile; fileRef = CB9E677D1ABDC4C40053CC8B /* AppDelegate.m */; };
		CB9E67811ABDC4C40053CC8B /* GameViewController.m in Sources */ = {isa = PBXBuildFile; fileRef = CB9E67801ABDC4C40053CC8B /* GameViewController.m */; };
		CB9E67841ABDC4C40053CC8B /* Main.storyboard in Resources */ = {isa = PBXBuildFile; fileRef = CB9E67821ABDC4C40053CC8B /* Main.storyboard */; };
		CB9E67861ABDC4C50053CC8B /* Images.xcassets in Resources */ = {isa = PBXBuildFile; fileRef = CB9E67851ABDC4C50053CC8B /* Images.xcassets */; };
		CB9E67891ABDC4C50053CC8B /* LaunchScreen.xib in Resources */ = {isa = PBXBuildFile; fileRef = CB9E67871ABDC4C50053CC8B /* LaunchScreen.xib */; };
		CB9E67951ABDC4C50053CC8B /* Card_DealerTests.m in Sources */ = {isa = PBXBuildFile; fileRef = CB9E67941ABDC4C50053CC8B /* Card_DealerTests.m */; };
		CB9E67A31ABDDF500053CC8B /* Player.m in Sources */ = {isa = PBXBuildFile; fileRef = CB9E67A21ABDDF500053CC8B /* Player.m */; };
		CB9E67A61ABDE0AA0053CC8B /* Deck.m in Sources */ = {isa = PBXBuildFile; fileRef = CB9E67A51ABDE0AA0053CC8B /* Deck.m */; };
		CB9E67A91ABDE1340053CC8B /* Card.m in Sources */ = {isa = PBXBuildFile; fileRef = CB9E67A81ABDE1340053CC8B /* Card.m */; };
		CB9E67AC1ABDE7330053CC8B /* Constants.m in Sources */ = {isa = PBXBuildFile; fileRef = CB9E67AB1ABDE7330053CC8B /* Constants.m */; };
		CB9E67AF1ABE16420053CC8B /* Game.m in Sources */ = {isa = PBXBuildFile; fileRef = CB9E67AE1ABE16420053CC8B /* Game.m */; };
		CB9E67B01ABE16420053CC8B /* Game.m in Sources */ = {isa = PBXBuildFile; fileRef = CB9E67AE1ABE16420053CC8B /* Game.m */; };
		CB9E67B31ABE17420053CC8B /* RuleSet.m in Sources */ = {isa = PBXBuildFile; fileRef = CB9E67B21ABE17420053CC8B /* RuleSet.m */; };
		CB9E67B41ABE17420053CC8B /* RuleSet.m in Sources */ = {isa = PBXBuildFile; fileRef = CB9E67B21ABE17420053CC8B /* RuleSet.m */; };
		CB9E67B81ABE6D140053CC8B /* CardHandCell.m in Sources */ = {isa = PBXBuildFile; fileRef = CB9E67B61ABE6D140053CC8B /* CardHandCell.m */; };
		CB9E67B91ABE6D140053CC8B /* CardHandCell.xib in Resources */ = {isa = PBXBuildFile; fileRef = CB9E67B71ABE6D140053CC8B /* CardHandCell.xib */; };
		CB9E68571ABE723A0053CC8B /* king of spades.png in Resources */ = {isa = PBXBuildFile; fileRef = CB9E68231ABE72390053CC8B /* king of spades.png */; };
		CB9E68581ABE723A0053CC8B /* queen of clubs.png in Resources */ = {isa = PBXBuildFile; fileRef = CB9E68241ABE72390053CC8B /* queen of clubs.png */; };
		CB9E68591ABE723A0053CC8B /* queen of diamonds.png in Resources */ = {isa = PBXBuildFile; fileRef = CB9E68251ABE72390053CC8B /* queen of diamonds.png */; };
		CB9E685A1ABE723A0053CC8B /* queen of hearts.png in Resources */ = {isa = PBXBuildFile; fileRef = CB9E68261ABE72390053CC8B /* queen of hearts.png */; };
		CB9E685B1ABE723A0053CC8B /* queen of spades.png in Resources */ = {isa = PBXBuildFile; fileRef = CB9E68271ABE72390053CC8B /* queen of spades.png */; };
		CB9E685C1ABE723A0053CC8B /* 2 of clubs.png in Resources */ = {isa = PBXBuildFile; fileRef = CB9E68281ABE72390053CC8B /* 2 of clubs.png */; };
		CB9E685D1ABE723A0053CC8B /* 2 of diamonds.png in Resources */ = {isa = PBXBuildFile; fileRef = CB9E68291ABE72390053CC8B /* 2 of diamonds.png */; };
		CB9E685E1ABE723A0053CC8B /* 2 of hearts.png in Resources */ = {isa = PBXBuildFile; fileRef = CB9E682A1ABE72390053CC8B /* 2 of hearts.png */; };
		CB9E685F1ABE723A0053CC8B /* 2 of spades.png in Resources */ = {isa = PBXBuildFile; fileRef = CB9E682B1ABE72390053CC8B /* 2 of spades.png */; };
		CB9E68601ABE723A0053CC8B /* 3 of clubs.png in Resources */ = {isa = PBXBuildFile; fileRef = CB9E682C1ABE72390053CC8B /* 3 of clubs.png */; };
		CB9E68611ABE723A0053CC8B /* 3 of diamonds.png in Resources */ = {isa = PBXBuildFile; fileRef = CB9E682D1ABE72390053CC8B /* 3 of diamonds.png */; };
		CB9E68621ABE723A0053CC8B /* 3 of hearts.png in Resources */ = {isa = PBXBuildFile; fileRef = CB9E682E1ABE72390053CC8B /* 3 of hearts.png */; };
		CB9E68631ABE723A0053CC8B /* 3 of spades.png in Resources */ = {isa = PBXBuildFile; fileRef = CB9E682F1ABE72390053CC8B /* 3 of spades.png */; };
		CB9E68641ABE723A0053CC8B /* 4 of clubs.png in Resources */ = {isa = PBXBuildFile; fileRef = CB9E68301ABE72390053CC8B /* 4 of clubs.png */; };
		CB9E68651ABE723A0053CC8B /* 4 of diamonds.png in Resources */ = {isa = PBXBuildFile; fileRef = CB9E68311ABE72390053CC8B /* 4 of diamonds.png */; };
		CB9E68661ABE723A0053CC8B /* 4 of hearts.png in Resources */ = {isa = PBXBuildFile; fileRef = CB9E68321ABE72390053CC8B /* 4 of hearts.png */; };
		CB9E68671ABE723A0053CC8B /* 4 of spades.png in Resources */ = {isa = PBXBuildFile; fileRef = CB9E68331ABE72390053CC8B /* 4 of spades.png */; };
		CB9E68681ABE723A0053CC8B /* 5 of clubs.png in Resources */ = {isa = PBXBuildFile; fileRef = CB9E68341ABE72390053CC8B /* 5 of clubs.png */; };
		CB9E68691ABE723A0053CC8B /* 5 of diamonds.png in Resources */ = {isa = PBXBuildFile; fileRef = CB9E68351ABE72390053CC8B /* 5 of diamonds.png */; };
		CB9E686A1ABE723A0053CC8B /* 5 of hearts.png in Resources */ = {isa = PBXBuildFile; fileRef = CB9E68361ABE72390053CC8B /* 5 of hearts.png */; };
		CB9E686B1ABE723A0053CC8B /* 5 of spades.png in Resources */ = {isa = PBXBuildFile; fileRef = CB9E68371ABE72390053CC8B /* 5 of spades.png */; };
		CB9E686C1ABE723A0053CC8B /* 6 of clubs.png in Resources */ = {isa = PBXBuildFile; fileRef = CB9E68381ABE72390053CC8B /* 6 of clubs.png */; };
		CB9E686D1ABE723A0053CC8B /* 6 of diamonds.png in Resources */ = {isa = PBXBuildFile; fileRef = CB9E68391ABE72390053CC8B /* 6 of diamonds.png */; };
		CB9E686E1ABE723A0053CC8B /* 6 of hearts.png in Resources */ = {isa = PBXBuildFile; fileRef = CB9E683A1ABE72390053CC8B /* 6 of hearts.png */; };
		CB9E686F1ABE723A0053CC8B /* 6 of spades.png in Resources */ = {isa = PBXBuildFile; fileRef = CB9E683B1ABE72390053CC8B /* 6 of spades.png */; };
		CB9E68701ABE723A0053CC8B /* 7 of clubs.png in Resources */ = {isa = PBXBuildFile; fileRef = CB9E683C1ABE72390053CC8B /* 7 of clubs.png */; };
		CB9E68711ABE723A0053CC8B /* 7 of diamonds.png in Resources */ = {isa = PBXBuildFile; fileRef = CB9E683D1ABE72390053CC8B /* 7 of diamonds.png */; };
		CB9E68721ABE723A0053CC8B /* 7 of hearts.png in Resources */ = {isa = PBXBuildFile; fileRef = CB9E683E1ABE72390053CC8B /* 7 of hearts.png */; };
		CB9E68731ABE723A0053CC8B /* 7 of spades.png in Resources */ = {isa = PBXBuildFile; fileRef = CB9E683F1ABE72390053CC8B /* 7 of spades.png */; };
		CB9E68741ABE723A0053CC8B /* 8 of clubs.png in Resources */ = {isa = PBXBuildFile; fileRef = CB9E68401ABE72390053CC8B /* 8 of clubs.png */; };
		CB9E68751ABE723A0053CC8B /* 8 of diamonds.png in Resources */ = {isa = PBXBuildFile; fileRef = CB9E68411ABE72390053CC8B /* 8 of diamonds.png */; };
		CB9E68761ABE723A0053CC8B /* 8 of hearts.png in Resources */ = {isa = PBXBuildFile; fileRef = CB9E68421ABE72390053CC8B /* 8 of hearts.png */; };
		CB9E68771ABE723A0053CC8B /* 8 of spades.png in Resources */ = {isa = PBXBuildFile; fileRef = CB9E68431ABE72390053CC8B /* 8 of spades.png */; };
		CB9E68781ABE723A0053CC8B /* 9 of clubs.png in Resources */ = {isa = PBXBuildFile; fileRef = CB9E68441ABE72390053CC8B /* 9 of clubs.png */; };
		CB9E68791ABE723A0053CC8B /* 9 of diamonds.png in Resources */ = {isa = PBXBuildFile; fileRef = CB9E68451ABE72390053CC8B /* 9 of diamonds.png */; };
		CB9E687A1ABE723A0053CC8B /* 9 of hearts.png in Resources */ = {isa = PBXBuildFile; fileRef = CB9E68461ABE72390053CC8B /* 9 of hearts.png */; };
		CB9E687B1ABE723A0053CC8B /* 9 of spades.png in Resources */ = {isa = PBXBuildFile; fileRef = CB9E68471ABE72390053CC8B /* 9 of spades.png */; };
		CB9E687C1ABE723A0053CC8B /* 10 of clubs.png in Resources */ = {isa = PBXBuildFile; fileRef = CB9E68481ABE72390053CC8B /* 10 of clubs.png */; };
		CB9E687D1ABE723A0053CC8B /* 10 of diamonds.png in Resources */ = {isa = PBXBuildFile; fileRef = CB9E68491ABE72390053CC8B /* 10 of diamonds.png */; };
		CB9E687E1ABE723A0053CC8B /* 10 of hearts.png in Resources */ = {isa = PBXBuildFile; fileRef = CB9E684A1ABE72390053CC8B /* 10 of hearts.png */; };
		CB9E687F1ABE723A0053CC8B /* 10 of spades.png in Resources */ = {isa = PBXBuildFile; fileRef = CB9E684B1ABE72390053CC8B /* 10 of spades.png */; };
		CB9E68801ABE723A0053CC8B /* ace of clubs.png in Resources */ = {isa = PBXBuildFile; fileRef = CB9E684C1ABE72390053CC8B /* ace of clubs.png */; };
		CB9E68811ABE723A0053CC8B /* ace of diamonds.png in Resources */ = {isa = PBXBuildFile; fileRef = CB9E684D1ABE72390053CC8B /* ace of diamonds.png */; };
		CB9E68821ABE723A0053CC8B /* ace of hearts.png in Resources */ = {isa = PBXBuildFile; fileRef = CB9E684E1ABE72390053CC8B /* ace of hearts.png */; };
		CB9E68831ABE723A0053CC8B /* ace of spades.png in Resources */ = {isa = PBXBuildFile; fileRef = CB9E684F1ABE72390053CC8B /* ace of spades.png */; };
		CB9E68841ABE723A0053CC8B /* jack of clubs.png in Resources */ = {isa = PBXBuildFile; fileRef = CB9E68501ABE72390053CC8B /* jack of clubs.png */; };
		CB9E68851ABE723A0053CC8B /* jack of diamonds.png in Resources */ = {isa = PBXBuildFile; fileRef = CB9E68511ABE72390053CC8B /* jack of diamonds.png */; };
		CB9E68861ABE723A0053CC8B /* jack of hearts.png in Resources */ = {isa = PBXBuildFile; fileRef = CB9E68521ABE72390053CC8B /* jack of hearts.png */; };
		CB9E68871ABE723A0053CC8B /* jack of spades.png in Resources */ = {isa = PBXBuildFile; fileRef = CB9E68531ABE723A0053CC8B /* jack of spades.png */; };
		CB9E68881ABE723A0053CC8B /* king of clubs.png in Resources */ = {isa = PBXBuildFile; fileRef = CB9E68541ABE723A0053CC8B /* king of clubs.png */; };
		CB9E68891ABE723A0053CC8B /* king of diamonds.png in Resources */ = {isa = PBXBuildFile; fileRef = CB9E68551ABE723A0053CC8B /* king of diamonds.png */; };
		CB9E688A1ABE723A0053CC8B /* king of hearts.png in Resources */ = {isa = PBXBuildFile; fileRef = CB9E68561ABE723A0053CC8B /* king of hearts.png */; };
/* End PBXBuildFile section */

/* Begin PBXContainerItemProxy section */
		CB9E678F1ABDC4C50053CC8B /* PBXContainerItemProxy */ = {
			isa = PBXContainerItemProxy;
			containerPortal = CB9E676D1ABDC4C40053CC8B /* Project object */;
			proxyType = 1;
			remoteGlobalIDString = CB9E67741ABDC4C40053CC8B;
			remoteInfo = "Card Dealer";
		};
/* End PBXContainerItemProxy section */

/* Begin PBXFileReference section */
		CB9E67751ABDC4C40053CC8B /* Card Dealer.app */ = {isa = PBXFileReference; explicitFileType = wrapper.application; includeInIndex = 0; path = "Card Dealer.app"; sourceTree = BUILT_PRODUCTS_DIR; };
		CB9E67791ABDC4C40053CC8B /* Info.plist */ = {isa = PBXFileReference; lastKnownFileType = text.plist.xml; path = Info.plist; sourceTree = "<group>"; };
		CB9E677A1ABDC4C40053CC8B /* main.m */ = {isa = PBXFileReference; lastKnownFileType = sourcecode.c.objc; path = main.m; sourceTree = "<group>"; };
		CB9E677C1ABDC4C40053CC8B /* AppDelegate.h */ = {isa = PBXFileReference; lastKnownFileType = sourcecode.c.h; path = AppDelegate.h; sourceTree = "<group>"; };
		CB9E677D1ABDC4C40053CC8B /* AppDelegate.m */ = {isa = PBXFileReference; lastKnownFileType = sourcecode.c.objc; path = AppDelegate.m; sourceTree = "<group>"; };
		CB9E677F1ABDC4C40053CC8B /* GameViewController.h */ = {isa = PBXFileReference; lastKnownFileType = sourcecode.c.h; path = GameViewController.h; sourceTree = "<group>"; };
		CB9E67801ABDC4C40053CC8B /* GameViewController.m */ = {isa = PBXFileReference; lastKnownFileType = sourcecode.c.objc; path = GameViewController.m; sourceTree = "<group>"; };
		CB9E67831ABDC4C40053CC8B /* Base */ = {isa = PBXFileReference; lastKnownFileType = file.storyboard; name = Base; path = Base.lproj/Main.storyboard; sourceTree = "<group>"; };
		CB9E67851ABDC4C50053CC8B /* Images.xcassets */ = {isa = PBXFileReference; lastKnownFileType = folder.assetcatalog; path = Images.xcassets; sourceTree = "<group>"; };
		CB9E67881ABDC4C50053CC8B /* Base */ = {isa = PBXFileReference; lastKnownFileType = file.xib; name = Base; path = Base.lproj/LaunchScreen.xib; sourceTree = "<group>"; };
		CB9E678E1ABDC4C50053CC8B /* Card DealerTests.xctest */ = {isa = PBXFileReference; explicitFileType = wrapper.cfbundle; includeInIndex = 0; path = "Card DealerTests.xctest"; sourceTree = BUILT_PRODUCTS_DIR; };
		CB9E67931ABDC4C50053CC8B /* Info.plist */ = {isa = PBXFileReference; lastKnownFileType = text.plist.xml; path = Info.plist; sourceTree = "<group>"; };
		CB9E67941ABDC4C50053CC8B /* Card_DealerTests.m */ = {isa = PBXFileReference; lastKnownFileType = sourcecode.c.objc; path = Card_DealerTests.m; sourceTree = "<group>"; };
		CB9E67A11ABDDF500053CC8B /* Player.h */ = {isa = PBXFileReference; fileEncoding = 4; lastKnownFileType = sourcecode.c.h; path = Player.h; sourceTree = "<group>"; };
		CB9E67A21ABDDF500053CC8B /* Player.m */ = {isa = PBXFileReference; fileEncoding = 4; lastKnownFileType = sourcecode.c.objc; path = Player.m; sourceTree = "<group>"; };
		CB9E67A41ABDE0AA0053CC8B /* Deck.h */ = {isa = PBXFileReference; fileEncoding = 4; lastKnownFileType = sourcecode.c.h; path = Deck.h; sourceTree = "<group>"; };
		CB9E67A51ABDE0AA0053CC8B /* Deck.m */ = {isa = PBXFileReference; fileEncoding = 4; lastKnownFileType = sourcecode.c.objc; path = Deck.m; sourceTree = "<group>"; };
		CB9E67A71ABDE1340053CC8B /* Card.h */ = {isa = PBXFileReference; fileEncoding = 4; lastKnownFileType = sourcecode.c.h; path = Card.h; sourceTree = "<group>"; };
		CB9E67A81ABDE1340053CC8B /* Card.m */ = {isa = PBXFileReference; fileEncoding = 4; lastKnownFileType = sourcecode.c.objc; path = Card.m; sourceTree = "<group>"; };
		CB9E67AA1ABDE7330053CC8B /* Constants.h */ = {isa = PBXFileReference; fileEncoding = 4; lastKnownFileType = sourcecode.c.h; path = Constants.h; sourceTree = "<group>"; };
		CB9E67AB1ABDE7330053CC8B /* Constants.m */ = {isa = PBXFileReference; fileEncoding = 4; lastKnownFileType = sourcecode.c.objc; path = Constants.m; sourceTree = "<group>"; };
		CB9E67AD1ABE16420053CC8B /* Game.h */ = {isa = PBXFileReference; fileEncoding = 4; lastKnownFileType = sourcecode.c.h; path = Game.h; sourceTree = "<group>"; };
		CB9E67AE1ABE16420053CC8B /* Game.m */ = {isa = PBXFileReference; fileEncoding = 4; lastKnownFileType = sourcecode.c.objc; path = Game.m; sourceTree = "<group>"; };
		CB9E67B11ABE17420053CC8B /* RuleSet.h */ = {isa = PBXFileReference; fileEncoding = 4; lastKnownFileType = sourcecode.c.h; path = RuleSet.h; sourceTree = "<group>"; };
		CB9E67B21ABE17420053CC8B /* RuleSet.m */ = {isa = PBXFileReference; fileEncoding = 4; lastKnownFileType = sourcecode.c.objc; path = RuleSet.m; sourceTree = "<group>"; };
		CB9E67B51ABE6D140053CC8B /* CardHandCell.h */ = {isa = PBXFileReference; fileEncoding = 4; lastKnownFileType = sourcecode.c.h; path = CardHandCell.h; sourceTree = "<group>"; };
		CB9E67B61ABE6D140053CC8B /* CardHandCell.m */ = {isa = PBXFileReference; fileEncoding = 4; lastKnownFileType = sourcecode.c.objc; path = CardHandCell.m; sourceTree = "<group>"; };
		CB9E67B71ABE6D140053CC8B /* CardHandCell.xib */ = {isa = PBXFileReference; fileEncoding = 4; lastKnownFileType = file.xib; path = CardHandCell.xib; sourceTree = "<group>"; };
		CB9E68231ABE72390053CC8B /* king of spades.png */ = {isa = PBXFileReference; lastKnownFileType = image.png; path = "king of spades.png"; sourceTree = "<group>"; };
		CB9E68241ABE72390053CC8B /* queen of clubs.png */ = {isa = PBXFileReference; lastKnownFileType = image.png; path = "queen of clubs.png"; sourceTree = "<group>"; };
		CB9E68251ABE72390053CC8B /* queen of diamonds.png */ = {isa = PBXFileReference; lastKnownFileType = image.png; path = "queen of diamonds.png"; sourceTree = "<group>"; };
		CB9E68261ABE72390053CC8B /* queen of hearts.png */ = {isa = PBXFileReference; lastKnownFileType = image.png; path = "queen of hearts.png"; sourceTree = "<group>"; };
		CB9E68271ABE72390053CC8B /* queen of spades.png */ = {isa = PBXFileReference; lastKnownFileType = image.png; path = "queen of spades.png"; sourceTree = "<group>"; };
		CB9E68281ABE72390053CC8B /* 2 of clubs.png */ = {isa = PBXFileReference; lastKnownFileType = image.png; path = "2 of clubs.png"; sourceTree = "<group>"; };
		CB9E68291ABE72390053CC8B /* 2 of diamonds.png */ = {isa = PBXFileReference; lastKnownFileType = image.png; path = "2 of diamonds.png"; sourceTree = "<group>"; };
		CB9E682A1ABE72390053CC8B /* 2 of hearts.png */ = {isa = PBXFileReference; lastKnownFileType = image.png; path = "2 of hearts.png"; sourceTree = "<group>"; };
		CB9E682B1ABE72390053CC8B /* 2 of spades.png */ = {isa = PBXFileReference; lastKnownFileType = image.png; path = "2 of spades.png"; sourceTree = "<group>"; };
		CB9E682C1ABE72390053CC8B /* 3 of clubs.png */ = {isa = PBXFileReference; lastKnownFileType = image.png; path = "3 of clubs.png"; sourceTree = "<group>"; };
		CB9E682D1ABE72390053CC8B /* 3 of diamonds.png */ = {isa = PBXFileReference; lastKnownFileType = image.png; path = "3 of diamonds.png"; sourceTree = "<group>"; };
		CB9E682E1ABE72390053CC8B /* 3 of hearts.png */ = {isa = PBXFileReference; lastKnownFileType = image.png; path = "3 of hearts.png"; sourceTree = "<group>"; };
		CB9E682F1ABE72390053CC8B /* 3 of spades.png */ = {isa = PBXFileReference; lastKnownFileType = image.png; path = "3 of spades.png"; sourceTree = "<group>"; };
		CB9E68301ABE72390053CC8B /* 4 of clubs.png */ = {isa = PBXFileReference; lastKnownFileType = image.png; path = "4 of clubs.png"; sourceTree = "<group>"; };
		CB9E68311ABE72390053CC8B /* 4 of diamonds.png */ = {isa = PBXFileReference; lastKnownFileType = image.png; path = "4 of diamonds.png"; sourceTree = "<group>"; };
		CB9E68321ABE72390053CC8B /* 4 of hearts.png */ = {isa = PBXFileReference; lastKnownFileType = image.png; path = "4 of hearts.png"; sourceTree = "<group>"; };
		CB9E68331ABE72390053CC8B /* 4 of spades.png */ = {isa = PBXFileReference; lastKnownFileType = image.png; path = "4 of spades.png"; sourceTree = "<group>"; };
		CB9E68341ABE72390053CC8B /* 5 of clubs.png */ = {isa = PBXFileReference; lastKnownFileType = image.png; path = "5 of clubs.png"; sourceTree = "<group>"; };
		CB9E68351ABE72390053CC8B /* 5 of diamonds.png */ = {isa = PBXFileReference; lastKnownFileType = image.png; path = "5 of diamonds.png"; sourceTree = "<group>"; };
		CB9E68361ABE72390053CC8B /* 5 of hearts.png */ = {isa = PBXFileReference; lastKnownFileType = image.png; path = "5 of hearts.png"; sourceTree = "<group>"; };
		CB9E68371ABE72390053CC8B /* 5 of spades.png */ = {isa = PBXFileReference; lastKnownFileType = image.png; path = "5 of spades.png"; sourceTree = "<group>"; };
		CB9E68381ABE72390053CC8B /* 6 of clubs.png */ = {isa = PBXFileReference; lastKnownFileType = image.png; path = "6 of clubs.png"; sourceTree = "<group>"; };
		CB9E68391ABE72390053CC8B /* 6 of diamonds.png */ = {isa = PBXFileReference; lastKnownFileType = image.png; path = "6 of diamonds.png"; sourceTree = "<group>"; };
		CB9E683A1ABE72390053CC8B /* 6 of hearts.png */ = {isa = PBXFileReference; lastKnownFileType = image.png; path = "6 of hearts.png"; sourceTree = "<group>"; };
		CB9E683B1ABE72390053CC8B /* 6 of spades.png */ = {isa = PBXFileReference; lastKnownFileType = image.png; path = "6 of spades.png"; sourceTree = "<group>"; };
		CB9E683C1ABE72390053CC8B /* 7 of clubs.png */ = {isa = PBXFileReference; lastKnownFileType = image.png; path = "7 of clubs.png"; sourceTree = "<group>"; };
		CB9E683D1ABE72390053CC8B /* 7 of diamonds.png */ = {isa = PBXFileReference; lastKnownFileType = image.png; path = "7 of diamonds.png"; sourceTree = "<group>"; };
		CB9E683E1ABE72390053CC8B /* 7 of hearts.png */ = {isa = PBXFileReference; lastKnownFileType = image.png; path = "7 of hearts.png"; sourceTree = "<group>"; };
		CB9E683F1ABE72390053CC8B /* 7 of spades.png */ = {isa = PBXFileReference; lastKnownFileType = image.png; path = "7 of spades.png"; sourceTree = "<group>"; };
		CB9E68401ABE72390053CC8B /* 8 of clubs.png */ = {isa = PBXFileReference; lastKnownFileType = image.png; path = "8 of clubs.png"; sourceTree = "<group>"; };
		CB9E68411ABE72390053CC8B /* 8 of diamonds.png */ = {isa = PBXFileReference; lastKnownFileType = image.png; path = "8 of diamonds.png"; sourceTree = "<group>"; };
		CB9E68421ABE72390053CC8B /* 8 of hearts.png */ = {isa = PBXFileReference; lastKnownFileType = image.png; path = "8 of hearts.png"; sourceTree = "<group>"; };
		CB9E68431ABE72390053CC8B /* 8 of spades.png */ = {isa = PBXFileReference; lastKnownFileType = image.png; path = "8 of spades.png"; sourceTree = "<group>"; };
		CB9E68441ABE72390053CC8B /* 9 of clubs.png */ = {isa = PBXFileReference; lastKnownFileType = image.png; path = "9 of clubs.png"; sourceTree = "<group>"; };
		CB9E68451ABE72390053CC8B /* 9 of diamonds.png */ = {isa = PBXFileReference; lastKnownFileType = image.png; path = "9 of diamonds.png"; sourceTree = "<group>"; };
		CB9E68461ABE72390053CC8B /* 9 of hearts.png */ = {isa = PBXFileReference; lastKnownFileType = image.png; path = "9 of hearts.png"; sourceTree = "<group>"; };
		CB9E68471ABE72390053CC8B /* 9 of spades.png */ = {isa = PBXFileReference; lastKnownFileType = image.png; path = "9 of spades.png"; sourceTree = "<group>"; };
		CB9E68481ABE72390053CC8B /* 10 of clubs.png */ = {isa = PBXFileReference; lastKnownFileType = image.png; path = "10 of clubs.png"; sourceTree = "<group>"; };
		CB9E68491ABE72390053CC8B /* 10 of diamonds.png */ = {isa = PBXFileReference; lastKnownFileType = image.png; path = "10 of diamonds.png"; sourceTree = "<group>"; };
		CB9E684A1ABE72390053CC8B /* 10 of hearts.png */ = {isa = PBXFileReference; lastKnownFileType = image.png; path = "10 of hearts.png"; sourceTree = "<group>"; };
		CB9E684B1ABE72390053CC8B /* 10 of spades.png */ = {isa = PBXFileReference; lastKnownFileType = image.png; path = "10 of spades.png"; sourceTree = "<group>"; };
		CB9E684C1ABE72390053CC8B /* ace of clubs.png */ = {isa = PBXFileReference; lastKnownFileType = image.png; path = "ace of clubs.png"; sourceTree = "<group>"; };
		CB9E684D1ABE72390053CC8B /* ace of diamonds.png */ = {isa = PBXFileReference; lastKnownFileType = image.png; path = "ace of diamonds.png"; sourceTree = "<group>"; };
		CB9E684E1ABE72390053CC8B /* ace of hearts.png */ = {isa = PBXFileReference; lastKnownFileType = image.png; path = "ace of hearts.png"; sourceTree = "<group>"; };
		CB9E684F1ABE72390053CC8B /* ace of spades.png */ = {isa = PBXFileReference; lastKnownFileType = image.png; path = "ace of spades.png"; sourceTree = "<group>"; };
		CB9E68501ABE72390053CC8B /* jack of clubs.png */ = {isa = PBXFileReference; lastKnownFileType = image.png; path = "jack of clubs.png"; sourceTree = "<group>"; };
		CB9E68511ABE72390053CC8B /* jack of diamonds.png */ = {isa = PBXFileReference; lastKnownFileType = image.png; path = "jack of diamonds.png"; sourceTree = "<group>"; };
		CB9E68521ABE72390053CC8B /* jack of hearts.png */ = {isa = PBXFileReference; lastKnownFileType = image.png; path = "jack of hearts.png"; sourceTree = "<group>"; };
		CB9E68531ABE723A0053CC8B /* jack of spades.png */ = {isa = PBXFileReference; lastKnownFileType = image.png; path = "jack of spades.png"; sourceTree = "<group>"; };
		CB9E68541ABE723A0053CC8B /* king of clubs.png */ = {isa = PBXFileReference; lastKnownFileType = image.png; path = "king of clubs.png"; sourceTree = "<group>"; };
		CB9E68551ABE723A0053CC8B /* king of diamonds.png */ = {isa = PBXFileReference; lastKnownFileType = image.png; path = "king of diamonds.png"; sourceTree = "<group>"; };
		CB9E68561ABE723A0053CC8B /* king of hearts.png */ = {isa = PBXFileReference; lastKnownFileType = image.png; path = "king of hearts.png"; sourceTree = "<group>"; };
/* End PBXFileReference section */

/* Begin PBXFrameworksBuildPhase section */
		CB9E67721ABDC4C40053CC8B /* Frameworks */ = {
			isa = PBXFrameworksBuildPhase;
			buildActionMask = 2147483647;
			files = (
			);
			runOnlyForDeploymentPostprocessing = 0;
		};
		CB9E678B1ABDC4C50053CC8B /* Frameworks */ = {
			isa = PBXFrameworksBuildPhase;
			buildActionMask = 2147483647;
			files = (
			);
			runOnlyForDeploymentPostprocessing = 0;
		};
/* End PBXFrameworksBuildPhase section */

/* Begin PBXGroup section */
		CB9E676C1ABDC4C40053CC8B = {
			isa = PBXGroup;
			children = (
				CB9E67771ABDC4C40053CC8B /* Card Dealer */,
				CB9E67911ABDC4C50053CC8B /* Card DealerTests */,
				CB9E67761ABDC4C40053CC8B /* Products */,
			);
			sourceTree = "<group>";
		};
		CB9E67761ABDC4C40053CC8B /* Products */ = {
			isa = PBXGroup;
			children = (
				CB9E67751ABDC4C40053CC8B /* Card Dealer.app */,
				CB9E678E1ABDC4C50053CC8B /* Card DealerTests.xctest */,
			);
			name = Products;
			sourceTree = "<group>";
		};
		CB9E67771ABDC4C40053CC8B /* Card Dealer */ = {
			isa = PBXGroup;
			children = (
				CB9E677C1ABDC4C40053CC8B /* AppDelegate.h */,
				CB9E677D1ABDC4C40053CC8B /* AppDelegate.m */,
				CB9E67A01ABDDE960053CC8B /* Models */,
				CB9E679F1ABDDE810053CC8B /* Views */,
				CB9E679E1ABDDE740053CC8B /* ViewControllers */,
				CB9E67781ABDC4C40053CC8B /* Supporting Files */,
				CB9E67AA1ABDE7330053CC8B /* Constants.h */,
				CB9E67AB1ABDE7330053CC8B /* Constants.m */,
			);
			path = "Card Dealer";
			sourceTree = "<group>";
		};
		CB9E67781ABDC4C40053CC8B /* Supporting Files */ = {
			isa = PBXGroup;
			children = (
				CB9E67BA1ABE6F620053CC8B /* Card PNGs */,
				CB9E67791ABDC4C40053CC8B /* Info.plist */,
				CB9E677A1ABDC4C40053CC8B /* main.m */,
			);
			name = "Supporting Files";
			sourceTree = "<group>";
		};
		CB9E67911ABDC4C50053CC8B /* Card DealerTests */ = {
			isa = PBXGroup;
			children = (
				CB9E67941ABDC4C50053CC8B /* Card_DealerTests.m */,
				CB9E67921ABDC4C50053CC8B /* Supporting Files */,
			);
			path = "Card DealerTests";
			sourceTree = "<group>";
		};
		CB9E67921ABDC4C50053CC8B /* Supporting Files */ = {
			isa = PBXGroup;
			children = (
				CB9E67931ABDC4C50053CC8B /* Info.plist */,
			);
			name = "Supporting Files";
			sourceTree = "<group>";
		};
		CB9E679E1ABDDE740053CC8B /* ViewControllers */ = {
			isa = PBXGroup;
			children = (
				CB9E677F1ABDC4C40053CC8B /* GameViewController.h */,
				CB9E67801ABDC4C40053CC8B /* GameViewController.m */,
			);
			name = ViewControllers;
			sourceTree = "<group>";
		};
		CB9E679F1ABDDE810053CC8B /* Views */ = {
			isa = PBXGroup;
			children = (
				CB9E67821ABDC4C40053CC8B /* Main.storyboard */,
				CB9E67851ABDC4C50053CC8B /* Images.xcassets */,
				CB9E67871ABDC4C50053CC8B /* LaunchScreen.xib */,
				CB9E67B51ABE6D140053CC8B /* CardHandCell.h */,
				CB9E67B61ABE6D140053CC8B /* CardHandCell.m */,
				CB9E67B71ABE6D140053CC8B /* CardHandCell.xib */,
			);
			name = Views;
			sourceTree = "<group>";
		};
		CB9E67A01ABDDE960053CC8B /* Models */ = {
			isa = PBXGroup;
			children = (
				CB9E67A11ABDDF500053CC8B /* Player.h */,
				CB9E67A21ABDDF500053CC8B /* Player.m */,
				CB9E67A41ABDE0AA0053CC8B /* Deck.h */,
				CB9E67A51ABDE0AA0053CC8B /* Deck.m */,
				CB9E67A71ABDE1340053CC8B /* Card.h */,
				CB9E67A81ABDE1340053CC8B /* Card.m */,
				CB9E67AD1ABE16420053CC8B /* Game.h */,
				CB9E67AE1ABE16420053CC8B /* Game.m */,
				CB9E67B11ABE17420053CC8B /* RuleSet.h */,
				CB9E67B21ABE17420053CC8B /* RuleSet.m */,
			);
			name = Models;
			sourceTree = "<group>";
		};
		CB9E67BA1ABE6F620053CC8B /* Card PNGs */ = {
			isa = PBXGroup;
			children = (
				CB9E68231ABE72390053CC8B /* king of spades.png */,
				CB9E68241ABE72390053CC8B /* queen of clubs.png */,
				CB9E68251ABE72390053CC8B /* queen of diamonds.png */,
				CB9E68261ABE72390053CC8B /* queen of hearts.png */,
				CB9E68271ABE72390053CC8B /* queen of spades.png */,
				CB9E68281ABE72390053CC8B /* 2 of clubs.png */,
				CB9E68291ABE72390053CC8B /* 2 of diamonds.png */,
				CB9E682A1ABE72390053CC8B /* 2 of hearts.png */,
				CB9E682B1ABE72390053CC8B /* 2 of spades.png */,
				CB9E682C1ABE72390053CC8B /* 3 of clubs.png */,
				CB9E682D1ABE72390053CC8B /* 3 of diamonds.png */,
				CB9E682E1ABE72390053CC8B /* 3 of hearts.png */,
				CB9E682F1ABE72390053CC8B /* 3 of spades.png */,
				CB9E68301ABE72390053CC8B /* 4 of clubs.png */,
				CB9E68311ABE72390053CC8B /* 4 of diamonds.png */,
				CB9E68321ABE72390053CC8B /* 4 of hearts.png */,
				CB9E68331ABE72390053CC8B /* 4 of spades.png */,
				CB9E68341ABE72390053CC8B /* 5 of clubs.png */,
				CB9E68351ABE72390053CC8B /* 5 of diamonds.png */,
				CB9E68361ABE72390053CC8B /* 5 of hearts.png */,
				CB9E68371ABE72390053CC8B /* 5 of spades.png */,
				CB9E68381ABE72390053CC8B /* 6 of clubs.png */,
				CB9E68391ABE72390053CC8B /* 6 of diamonds.png */,
				CB9E683A1ABE72390053CC8B /* 6 of hearts.png */,
				CB9E683B1ABE72390053CC8B /* 6 of spades.png */,
				CB9E683C1ABE72390053CC8B /* 7 of clubs.png */,
				CB9E683D1ABE72390053CC8B /* 7 of diamonds.png */,
				CB9E683E1ABE72390053CC8B /* 7 of hearts.png */,
				CB9E683F1ABE72390053CC8B /* 7 of spades.png */,
				CB9E68401ABE72390053CC8B /* 8 of clubs.png */,
				CB9E68411ABE72390053CC8B /* 8 of diamonds.png */,
				CB9E68421ABE72390053CC8B /* 8 of hearts.png */,
				CB9E68431ABE72390053CC8B /* 8 of spades.png */,
				CB9E68441ABE72390053CC8B /* 9 of clubs.png */,
				CB9E68451ABE72390053CC8B /* 9 of diamonds.png */,
				CB9E68461ABE72390053CC8B /* 9 of hearts.png */,
				CB9E68471ABE72390053CC8B /* 9 of spades.png */,
				CB9E68481ABE72390053CC8B /* 10 of clubs.png */,
				CB9E68491ABE72390053CC8B /* 10 of diamonds.png */,
				CB9E684A1ABE72390053CC8B /* 10 of hearts.png */,
				CB9E684B1ABE72390053CC8B /* 10 of spades.png */,
				CB9E684C1ABE72390053CC8B /* ace of clubs.png */,
				CB9E684D1ABE72390053CC8B /* ace of diamonds.png */,
				CB9E684E1ABE72390053CC8B /* ace of hearts.png */,
				CB9E684F1ABE72390053CC8B /* ace of spades.png */,
				CB9E68501ABE72390053CC8B /* jack of clubs.png */,
				CB9E68511ABE72390053CC8B /* jack of diamonds.png */,
				CB9E68521ABE72390053CC8B /* jack of hearts.png */,
				CB9E68531ABE723A0053CC8B /* jack of spades.png */,
				CB9E68541ABE723A0053CC8B /* king of clubs.png */,
				CB9E68551ABE723A0053CC8B /* king of diamonds.png */,
				CB9E68561ABE723A0053CC8B /* king of hearts.png */,
			);
			name = "Card PNGs";
			sourceTree = "<group>";
		};
/* End PBXGroup section */

/* Begin PBXNativeTarget section */
		CB9E67741ABDC4C40053CC8B /* Card Dealer */ = {
			isa = PBXNativeTarget;
			buildConfigurationList = CB9E67981ABDC4C50053CC8B /* Build configuration list for PBXNativeTarget "Card Dealer" */;
			buildPhases = (
				CB9E67711ABDC4C40053CC8B /* Sources */,
				CB9E67721ABDC4C40053CC8B /* Frameworks */,
				CB9E67731ABDC4C40053CC8B /* Resources */,
			);
			buildRules = (
			);
			dependencies = (
			);
			name = "Card Dealer";
			productName = "Card Dealer";
			productReference = CB9E67751ABDC4C40053CC8B /* Card Dealer.app */;
			productType = "com.apple.product-type.application";
		};
		CB9E678D1ABDC4C50053CC8B /* Card DealerTests */ = {
			isa = PBXNativeTarget;
			buildConfigurationList = CB9E679B1ABDC4C50053CC8B /* Build configuration list for PBXNativeTarget "Card DealerTests" */;
			buildPhases = (
				CB9E678A1ABDC4C50053CC8B /* Sources */,
				CB9E678B1ABDC4C50053CC8B /* Frameworks */,
				CB9E678C1ABDC4C50053CC8B /* Resources */,
			);
			buildRules = (
			);
			dependencies = (
				CB9E67901ABDC4C50053CC8B /* PBXTargetDependency */,
			);
			name = "Card DealerTests";
			productName = "Card DealerTests";
			productReference = CB9E678E1ABDC4C50053CC8B /* Card DealerTests.xctest */;
			productType = "com.apple.product-type.bundle.unit-test";
		};
/* End PBXNativeTarget section */

/* Begin PBXProject section */
		CB9E676D1ABDC4C40053CC8B /* Project object */ = {
			isa = PBXProject;
			attributes = {
				LastUpgradeCheck = 0620;
				ORGANIZATIONNAME = "Christopher Fuentes";
				TargetAttributes = {
					CB9E67741ABDC4C40053CC8B = {
						CreatedOnToolsVersion = 6.2;
					};
					CB9E678D1ABDC4C50053CC8B = {
						CreatedOnToolsVersion = 6.2;
						TestTargetID = CB9E67741ABDC4C40053CC8B;
					};
				};
			};
			buildConfigurationList = CB9E67701ABDC4C40053CC8B /* Build configuration list for PBXProject "Card Dealer" */;
			compatibilityVersion = "Xcode 3.2";
			developmentRegion = English;
			hasScannedForEncodings = 0;
			knownRegions = (
				en,
				Base,
			);
			mainGroup = CB9E676C1ABDC4C40053CC8B;
			productRefGroup = CB9E67761ABDC4C40053CC8B /* Products */;
			projectDirPath = "";
			projectRoot = "";
			targets = (
				CB9E67741ABDC4C40053CC8B /* Card Dealer */,
				CB9E678D1ABDC4C50053CC8B /* Card DealerTests */,
			);
		};
/* End PBXProject section */

/* Begin PBXResourcesBuildPhase section */
		CB9E67731ABDC4C40053CC8B /* Resources */ = {
			isa = PBXResourcesBuildPhase;
			buildActionMask = 2147483647;
			files = (
				CB9E68771ABE723A0053CC8B /* 8 of spades.png in Resources */,
				CB9E685E1ABE723A0053CC8B /* 2 of hearts.png in Resources */,
				CB9E68831ABE723A0053CC8B /* ace of spades.png in Resources */,
				CB9E68841ABE723A0053CC8B /* jack of clubs.png in Resources */,
				CB9E68621ABE723A0053CC8B /* 3 of hearts.png in Resources */,
				CB9E68671ABE723A0053CC8B /* 4 of spades.png in Resources */,
				CB9E686A1ABE723A0053CC8B /* 5 of hearts.png in Resources */,
				CB9E686E1ABE723A0053CC8B /* 6 of hearts.png in Resources */,
				CB9E68871ABE723A0053CC8B /* jack of spades.png in Resources */,
				CB9E68811ABE723A0053CC8B /* ace of diamonds.png in Resources */,
				CB9E688A1ABE723A0053CC8B /* king of hearts.png in Resources */,
				CB9E68851ABE723A0053CC8B /* jack of diamonds.png in Resources */,
				CB9E686D1ABE723A0053CC8B /* 6 of diamonds.png in Resources */,
				CB9E68711ABE723A0053CC8B /* 7 of diamonds.png in Resources */,
				CB9E68821ABE723A0053CC8B /* ace of hearts.png in Resources */,
				CB9E685F1ABE723A0053CC8B /* 2 of spades.png in Resources */,
				CB9E68731ABE723A0053CC8B /* 7 of spades.png in Resources */,
				CB9E687F1ABE723A0053CC8B /* 10 of spades.png in Resources */,
				CB9E687B1ABE723A0053CC8B /* 9 of spades.png in Resources */,
				CB9E68601ABE723A0053CC8B /* 3 of clubs.png in Resources */,
				CB9E68651ABE723A0053CC8B /* 4 of diamonds.png in Resources */,
				CB9E68681ABE723A0053CC8B /* 5 of clubs.png in Resources */,
				CB9E685A1ABE723A0053CC8B /* queen of hearts.png in Resources */,
				CB9E68741ABE723A0053CC8B /* 8 of clubs.png in Resources */,
				CB9E67841ABDC4C40053CC8B /* Main.storyboard in Resources */,
				CB9E67891ABDC4C50053CC8B /* LaunchScreen.xib in Resources */,
				CB9E68891ABE723A0053CC8B /* king of diamonds.png in Resources */,
				CB9E686C1ABE723A0053CC8B /* 6 of clubs.png in Resources */,
				CB9E686F1ABE723A0053CC8B /* 6 of spades.png in Resources */,
				CB9E68761ABE723A0053CC8B /* 8 of hearts.png in Resources */,
				CB9E68691ABE723A0053CC8B /* 5 of diamonds.png in Resources */,
				CB9E68641ABE723A0053CC8B /* 4 of clubs.png in Resources */,
				CB9E685D1ABE723A0053CC8B /* 2 of diamonds.png in Resources */,
				CB9E687A1ABE723A0053CC8B /* 9 of hearts.png in Resources */,
				CB9E68701ABE723A0053CC8B /* 7 of clubs.png in Resources */,
				CB9E67B91ABE6D140053CC8B /* CardHandCell.xib in Resources */,
				CB9E68721ABE723A0053CC8B /* 7 of hearts.png in Resources */,
				CB9E687D1ABE723A0053CC8B /* 10 of diamonds.png in Resources */,
				CB9E68581ABE723A0053CC8B /* queen of clubs.png in Resources */,
				CB9E68881ABE723A0053CC8B /* king of clubs.png in Resources */,
				CB9E67861ABDC4C50053CC8B /* Images.xcassets in Resources */,
				CB9E686B1ABE723A0053CC8B /* 5 of spades.png in Resources */,
				CB9E68611ABE723A0053CC8B /* 3 of diamonds.png in Resources */,
				CB9E68781ABE723A0053CC8B /* 9 of clubs.png in Resources */,
				CB9E685B1ABE723A0053CC8B /* queen of spades.png in Resources */,
				CB9E68591ABE723A0053CC8B /* queen of diamonds.png in Resources */,
				CB9E68861ABE723A0053CC8B /* jack of hearts.png in Resources */,
				CB9E68751ABE723A0053CC8B /* 8 of diamonds.png in Resources */,
				CB9E68791ABE723A0053CC8B /* 9 of diamonds.png in Resources */,
				CB9E68571ABE723A0053CC8B /* king of spades.png in Resources */,
				CB9E685C1ABE723A0053CC8B /* 2 of clubs.png in Resources */,
				CB9E687E1ABE723A0053CC8B /* 10 of hearts.png in Resources */,
				CB9E68801ABE723A0053CC8B /* ace of clubs.png in Resources */,
				CB9E68661ABE723A0053CC8B /* 4 of hearts.png in Resources */,
				CB9E68631ABE723A0053CC8B /* 3 of spades.png in Resources */,
				CB9E687C1ABE723A0053CC8B /* 10 of clubs.png in Resources */,
			);
			runOnlyForDeploymentPostprocessing = 0;
		};
		CB9E678C1ABDC4C50053CC8B /* Resources */ = {
			isa = PBXResourcesBuildPhase;
			buildActionMask = 2147483647;
			files = (
			);
			runOnlyForDeploymentPostprocessing = 0;
		};
/* End PBXResourcesBuildPhase section */

/* Begin PBXSourcesBuildPhase section */
		CB9E67711ABDC4C40053CC8B /* Sources */ = {
			isa = PBXSourcesBuildPhase;
			buildActionMask = 2147483647;
			files = (
				CB9E67B81ABE6D140053CC8B /* CardHandCell.m in Sources */,
				CB9E67A61ABDE0AA0053CC8B /* Deck.m in Sources */,
				CB9E67A31ABDDF500053CC8B /* Player.m in Sources */,
				CB9E67811ABDC4C40053CC8B /* GameViewController.m in Sources */,
				CB9E67AF1ABE16420053CC8B /* Game.m in Sources */,
				CB9E677E1ABDC4C40053CC8B /* AppDelegate.m in Sources */,
				CB9E677B1ABDC4C40053CC8B /* main.m in Sources */,
				CB9E67B31ABE17420053CC8B /* RuleSet.m in Sources */,
				CB9E67AC1ABDE7330053CC8B /* Constants.m in Sources */,
				CB9E67A91ABDE1340053CC8B /* Card.m in Sources */,
			);
			runOnlyForDeploymentPostprocessing = 0;
		};
		CB9E678A1ABDC4C50053CC8B /* Sources */ = {
			isa = PBXSourcesBuildPhase;
			buildActionMask = 2147483647;
			files = (
				CB9E67B41ABE17420053CC8B /* RuleSet.m in Sources */,
				CB9E67951ABDC4C50053CC8B /* Card_DealerTests.m in Sources */,
				CB9E67B01ABE16420053CC8B /* Game.m in Sources */,
			);
			runOnlyForDeploymentPostprocessing = 0;
		};
/* End PBXSourcesBuildPhase section */

/* Begin PBXTargetDependency section */
		CB9E67901ABDC4C50053CC8B /* PBXTargetDependency */ = {
			isa = PBXTargetDependency;
			target = CB9E67741ABDC4C40053CC8B /* Card Dealer */;
			targetProxy = CB9E678F1ABDC4C50053CC8B /* PBXContainerItemProxy */;
		};
/* End PBXTargetDependency section */

/* Begin PBXVariantGroup section */
		CB9E67821ABDC4C40053CC8B /* Main.storyboard */ = {
			isa = PBXVariantGroup;
			children = (
				CB9E67831ABDC4C40053CC8B /* Base */,
			);
			name = Main.storyboard;
			sourceTree = "<group>";
		};
		CB9E67871ABDC4C50053CC8B /* LaunchScreen.xib */ = {
			isa = PBXVariantGroup;
			children = (
				CB9E67881ABDC4C50053CC8B /* Base */,
			);
			name = LaunchScreen.xib;
			sourceTree = "<group>";
		};
/* End PBXVariantGroup section */

/* Begin XCBuildConfiguration section */
		CB9E67961ABDC4C50053CC8B /* Debug */ = {
			isa = XCBuildConfiguration;
			buildSettings = {
				ALWAYS_SEARCH_USER_PATHS = NO;
				CLANG_CXX_LANGUAGE_STANDARD = "gnu++0x";
				CLANG_CXX_LIBRARY = "libc++";
				CLANG_ENABLE_MODULES = YES;
				CLANG_ENABLE_OBJC_ARC = NO;
				CLANG_WARN_BOOL_CONVERSION = YES;
				CLANG_WARN_CONSTANT_CONVERSION = YES;
				CLANG_WARN_DIRECT_OBJC_ISA_USAGE = YES_ERROR;
				CLANG_WARN_EMPTY_BODY = YES;
				CLANG_WARN_ENUM_CONVERSION = YES;
				CLANG_WARN_INT_CONVERSION = YES;
				CLANG_WARN_OBJC_ROOT_CLASS = YES_ERROR;
				CLANG_WARN_UNREACHABLE_CODE = YES;
				CLANG_WARN__DUPLICATE_METHOD_MATCH = YES;
				"CODE_SIGN_IDENTITY[sdk=iphoneos*]" = "iPhone Developer";
				COPY_PHASE_STRIP = NO;
				ENABLE_STRICT_OBJC_MSGSEND = YES;
				GCC_C_LANGUAGE_STANDARD = gnu99;
				GCC_DYNAMIC_NO_PIC = NO;
				GCC_OPTIMIZATION_LEVEL = 0;
				GCC_PREPROCESSOR_DEFINITIONS = (
					"DEBUG=1",
					"$(inherited)",
				);
				GCC_SYMBOLS_PRIVATE_EXTERN = NO;
				GCC_WARN_64_TO_32_BIT_CONVERSION = YES;
				GCC_WARN_ABOUT_RETURN_TYPE = YES_ERROR;
				GCC_WARN_UNDECLARED_SELECTOR = YES;
				GCC_WARN_UNINITIALIZED_AUTOS = YES_AGGRESSIVE;
				GCC_WARN_UNUSED_FUNCTION = YES;
				GCC_WARN_UNUSED_VARIABLE = YES;
				IPHONEOS_DEPLOYMENT_TARGET = 8.2;
				MTL_ENABLE_DEBUG_INFO = YES;
				ONLY_ACTIVE_ARCH = YES;
				SDKROOT = iphoneos;
				TARGETED_DEVICE_FAMILY = "1,2";
			};
			name = Debug;
		};
		CB9E67971ABDC4C50053CC8B /* Release */ = {
			isa = XCBuildConfiguration;
			buildSettings = {
				ALWAYS_SEARCH_USER_PATHS = NO;
				CLANG_CXX_LANGUAGE_STANDARD = "gnu++0x";
				CLANG_CXX_LIBRARY = "libc++";
				CLANG_ENABLE_MODULES = YES;
				CLANG_ENABLE_OBJC_ARC = NO;
				CLANG_WARN_BOOL_CONVERSION = YES;
				CLANG_WARN_CONSTANT_CONVERSION = YES;
				CLANG_WARN_DIRECT_OBJC_ISA_USAGE = YES_ERROR;
				CLANG_WARN_EMPTY_BODY = YES;
				CLANG_WARN_ENUM_CONVERSION = YES;
				CLANG_WARN_INT_CONVERSION = YES;
				CLANG_WARN_OBJC_ROOT_CLASS = YES_ERROR;
				CLANG_WARN_UNREACHABLE_CODE = YES;
				CLANG_WARN__DUPLICATE_METHOD_MATCH = YES;
				"CODE_SIGN_IDENTITY[sdk=iphoneos*]" = "iPhone Developer";
				COPY_PHASE_STRIP = NO;
				ENABLE_NS_ASSERTIONS = NO;
				ENABLE_STRICT_OBJC_MSGSEND = YES;
				GCC_C_LANGUAGE_STANDARD = gnu99;
				GCC_WARN_64_TO_32_BIT_CONVERSION = YES;
				GCC_WARN_ABOUT_RETURN_TYPE = YES_ERROR;
				GCC_WARN_UNDECLARED_SELECTOR = YES;
				GCC_WARN_UNINITIALIZED_AUTOS = YES_AGGRESSIVE;
				GCC_WARN_UNUSED_FUNCTION = YES;
				GCC_WARN_UNUSED_VARIABLE = YES;
				IPHONEOS_DEPLOYMENT_TARGET = 8.2;
				MTL_ENABLE_DEBUG_INFO = NO;
				SDKROOT = iphoneos;
				TARGETED_DEVICE_FAMILY = "1,2";
				VALIDATE_PRODUCT = YES;
			};
			name = Release;
		};
		CB9E67991ABDC4C50053CC8B /* Debug */ = {
			isa = XCBuildConfiguration;
			buildSettings = {
				ASSETCATALOG_COMPILER_APPICON_NAME = AppIcon;
				INFOPLIST_FILE = "Card Dealer/Info.plist";
				LD_RUNPATH_SEARCH_PATHS = "$(inherited) @executable_path/Frameworks";
				PRODUCT_NAME = "$(TARGET_NAME)";
			};
			name = Debug;
		};
		CB9E679A1ABDC4C50053CC8B /* Release */ = {
			isa = XCBuildConfiguration;
			buildSettings = {
				ASSETCATALOG_COMPILER_APPICON_NAME = AppIcon;
				INFOPLIST_FILE = "Card Dealer/Info.plist";
				LD_RUNPATH_SEARCH_PATHS = "$(inherited) @executable_path/Frameworks";
				PRODUCT_NAME = "$(TARGET_NAME)";
			};
			name = Release;
		};
		CB9E679C1ABDC4C50053CC8B /* Debug */ = {
			isa = XCBuildConfiguration;
			buildSettings = {
				BUNDLE_LOADER = "$(TEST_HOST)";
				FRAMEWORK_SEARCH_PATHS = (
					"$(SDKROOT)/Developer/Library/Frameworks",
					"$(inherited)",
				);
				GCC_PREPROCESSOR_DEFINITIONS = (
					"DEBUG=1",
					"$(inherited)",
				);
				INFOPLIST_FILE = "Card DealerTests/Info.plist";
				LD_RUNPATH_SEARCH_PATHS = "$(inherited) @executable_path/Frameworks @loader_path/Frameworks";
				PRODUCT_NAME = "$(TARGET_NAME)";
				TEST_HOST = "$(BUILT_PRODUCTS_DIR)/Card Dealer.app/Card Dealer";
			};
			name = Debug;
		};
		CB9E679D1ABDC4C50053CC8B /* Release */ = {
			isa = XCBuildConfiguration;
			buildSettings = {
				BUNDLE_LOADER = "$(TEST_HOST)";
				FRAMEWORK_SEARCH_PATHS = (
					"$(SDKROOT)/Developer/Library/Frameworks",
					"$(inherited)",
				);
				INFOPLIST_FILE = "Card DealerTests/Info.plist";
				LD_RUNPATH_SEARCH_PATHS = "$(inherited) @executable_path/Frameworks @loader_path/Frameworks";
				PRODUCT_NAME = "$(TARGET_NAME)";
				TEST_HOST = "$(BUILT_PRODUCTS_DIR)/Card Dealer.app/Card Dealer";
			};
			name = Release;
		};
/* End XCBuildConfiguration section */

/* Begin XCConfigurationList section */
		CB9E67701ABDC4C40053CC8B /* Build configuration list for PBXProject "Card Dealer" */ = {
			isa = XCConfigurationList;
			buildConfigurations = (
				CB9E67961ABDC4C50053CC8B /* Debug */,
				CB9E67971ABDC4C50053CC8B /* Release */,
			);
			defaultConfigurationIsVisible = 0;
			defaultConfigurationName = Release;
		};
		CB9E67981ABDC4C50053CC8B /* Build configuration list for PBXNativeTarget "Card Dealer" */ = {
			isa = XCConfigurationList;
			buildConfigurations = (
				CB9E67991ABDC4C50053CC8B /* Debug */,
				CB9E679A1ABDC4C50053CC8B /* Release */,
			);
			defaultConfigurationIsVisible = 0;
			defaultConfigurationName = Release;
		};
		CB9E679B1ABDC4C50053CC8B /* Build configuration list for PBXNativeTarget "Card DealerTests" */ = {
			isa = XCConfigurationList;
			buildConfigurations = (
				CB9E679C1ABDC4C50053CC8B /* Debug */,
				CB9E679D1ABDC4C50053CC8B /* Release */,
			);
			defaultConfigurationIsVisible = 0;
			defaultConfigurationName = Release;
		};
/* End XCConfigurationList section */
	};
	rootObject = CB9E676D1ABDC4C40053CC8B /* Project object */;
}
